
Microsoft Visual Studio Solution File, Format Version 12.00
# Visual Studio Version 17
VisualStudioVersion = 17.8.34511.84
MinimumVisualStudioVersion = 10.0.40219.1
Project("{FAE04EC0-301F-11D3-BF4B-00C04F79EFBC}") = "API", "SwiftCart\API.csproj", "{F375DB8D-B6C1-44F1-8BEC-B7475F10716B}"
EndProject
Project("{FAE04EC0-301F-11D3-BF4B-00C04F79EFBC}") = "DAL", "DAL\DAL.csproj", "{8AC4C492-6CD4-4CE8-ACB7-0110CAD733F1}"
EndProject
Project("{FAE04EC0-301F-11D3-BF4B-00C04F79EFBC}") = "BLL", "BLL\BLL.csproj", "{6E301C9B-06C1-485E-9F42-9A9FE5FC9F1E}"
EndProject
Global
	GlobalSection(SolutionConfigurationPlatforms) = preSolution
		Debug|Any CPU = Debug|Any CPU
		Release|Any CPU = Release|Any CPU
	EndGlobalSection
	GlobalSection(ProjectConfigurationPlatforms) = postSolution
		{F375DB8D-B6C1-44F1-8BEC-B7475F10716B}.Debug|Any CPU.ActiveCfg = Debug|Any CPU
		{F375DB8D-B6C1-44F1-8BEC-B7475F10716B}.Debug|Any CPU.Build.0 = Debug|Any CPU
		{F375DB8D-B6C1-44F1-8BEC-B7475F10716B}.Release|Any CPU.ActiveCfg = Release|Any CPU
		{F375DB8D-B6C1-44F1-8BEC-B7475F10716B}.Release|Any CPU.Build.0 = Release|Any CPU
		{8AC4C492-6CD4-4CE8-ACB7-0110CAD733F1}.Debug|Any CPU.ActiveCfg = Debug|Any CPU
		{8AC4C492-6CD4-4CE8-ACB7-0110CAD733F1}.Debug|Any CPU.Build.0 = Debug|Any CPU
		{8AC4C492-6CD4-4CE8-ACB7-0110CAD733F1}.Release|Any CPU.ActiveCfg = Release|Any CPU
		{8AC4C492-6CD4-4CE8-ACB7-0110CAD733F1}.Release|Any CPU.Build.0 = Release|Any CPU
		{6E301C9B-06C1-485E-9F42-9A9FE5FC9F1E}.Debug|Any CPU.ActiveCfg = Debug|Any CPU
		{6E301C9B-06C1-485E-9F42-9A9FE5FC9F1E}.Debug|Any CPU.Build.0 = Debug|Any CPU
		{6E301C9B-06C1-485E-9F42-9A9FE5FC9F1E}.Release|Any CPU.ActiveCfg = Release|Any CPU
		{6E301C9B-06C1-485E-9F42-9A9FE5FC9F1E}.Release|Any CPU.Build.0 = Release|Any CPU
	EndGlobalSection
	GlobalSection(SolutionProperties) = preSolution
		HideSolutionNode = FALSE
	EndGlobalSection
	GlobalSection(ExtensibilityGlobals) = postSolution
		SolutionGuid = {4ED3AE4E-9CDE-46BF-BA60-DD4A9CF83E1B}
	EndGlobalSection
EndGlobal
